
Microsoft Visual Studio Solution File, Format Version 12.00
# Visual Studio 15
Project("{FAE04EC0-301F-11D3-BF4B-00C04F79EFBC}") = "Popcron.Gizmos", "Popcron.Gizmos.csproj", "{33B335C3-D295-F4F1-B0BE-BA5F1CBE555E}"
EndProject
Project("{FAE04EC0-301F-11D3-BF4B-00C04F79EFBC}") = "Assembly-CSharp", "Assembly-CSharp.csproj", "{CDC42CBA-0DA9-AB47-CA20-F19EA1D17B68}"
EndProject
Project("{FAE04EC0-301F-11D3-BF4B-00C04F79EFBC}") = "Popcron.Gizmos.Editor", "Popcron.Gizmos.Editor.csproj", "{AE1FC091-8DDD-3745-0F29-1D1A15256A06}"
EndProject
Global
	GlobalSection(SolutionConfigurationPlatforms) = preSolution
		Debug|Any CPU = Debug|Any CPU
		Release|Any CPU = Release|Any CPU
	EndGlobalSection
	GlobalSection(ProjectConfigurationPlatforms) = postSolution
		{33B335C3-D295-F4F1-B0BE-BA5F1CBE555E}.Debug|Any CPU.ActiveCfg = Debug|Any CPU
		{33B335C3-D295-F4F1-B0BE-BA5F1CBE555E}.Debug|Any CPU.Build.0 = Debug|Any CPU
		{33B335C3-D295-F4F1-B0BE-BA5F1CBE555E}.Release|Any CPU.ActiveCfg = Release|Any CPU
		{33B335C3-D295-F4F1-B0BE-BA5F1CBE555E}.Release|Any CPU.Build.0 = Release|Any CPU
		{CDC42CBA-0DA9-AB47-CA20-F19EA1D17B68}.Debug|Any CPU.ActiveCfg = Debug|Any CPU
		{CDC42CBA-0DA9-AB47-CA20-F19EA1D17B68}.Debug|Any CPU.Build.0 = Debug|Any CPU
		{CDC42CBA-0DA9-AB47-CA20-F19EA1D17B68}.Release|Any CPU.ActiveCfg = Release|Any CPU
		{CDC42CBA-0DA9-AB47-CA20-F19EA1D17B68}.Release|Any CPU.Build.0 = Release|Any CPU
		{AE1FC091-8DDD-3745-0F29-1D1A15256A06}.Debug|Any CPU.ActiveCfg = Debug|Any CPU
		{AE1FC091-8DDD-3745-0F29-1D1A15256A06}.Debug|Any CPU.Build.0 = Debug|Any CPU
		{AE1FC091-8DDD-3745-0F29-1D1A15256A06}.Release|Any CPU.ActiveCfg = Release|Any CPU
		{AE1FC091-8DDD-3745-0F29-1D1A15256A06}.Release|Any CPU.Build.0 = Release|Any CPU
	EndGlobalSection
	GlobalSection(SolutionProperties) = preSolution
		HideSolutionNode = FALSE
	EndGlobalSection
EndGlobal
